[{<<"bitcask">>,
  {git,"https://github.com/basho/bitcask.git",
       {ref,"b9e2cd06e6cbae4a9c59c721b8c114e5fddbbbbe"}},
  0},
 {<<"cowboy">>,
  {git,"https://github.com/extend/cowboy.git",
       {ref,"d08c2ab39d38c181abda279d5c2cadfac33a50c1"}},
  0},
 {<<"cowlib">>,
  {git,"https://github.com/ninenines/cowlib.git",
       {ref,"d544a494af4dbc810fc9c15eaf5cc050cced1501"}},
  1},
 {<<"cuttlefish">>,
  {git,"git://github.com/basho/cuttlefish.git",
       {ref,"a463682ba86e9f49404dd72bb052e6e0c4b40839"}},
  1},
 {<<"ecirca">>,
  {git,"https://github.com/tnt-dev/ecirca.git",
       {ref,"9e4404d0df54eb6b50badeeb3f9abf871b5f1098"}},
  0},
 {<<"getopt">>,
  {git,"git://github.com/jcomellas/getopt.git",
       {ref,"388dc95caa7fb97ec7db8cfc39246a36aba61bd8"}},
  2},
 {<<"goldrush">>,
  {git,"git://github.com/DeadZen/goldrush.git",
       {ref,"71e63212f12c25827e0c1b4198d37d5d018a7fec"}},
  1},
 {<<"gproc">>,
  {git,"https://github.com/uwiger/gproc.git",
       {ref,"85d8dddf2b04690cee051994b40bfa45925f9e36"}},
  0},
 {<<"jiffy">>,
  {git,"https://github.com/davisp/jiffy.git",
       {ref,"1febce3ca86c5ca5d5a3618ed3d5f125bb99e4c5"}},
  0},
 {<<"lager">>,
  {git,"https://github.com/basho/lager.git",
       {ref,"b6b6cebcb27ccff8acc59ae775acebc2f52e4926"}},
  0},
 {<<"mavg">>,
  {git,"https://github.com/tnt-dev/mavg.git",
       {ref,"18e6c7fc6231ded5db19e0f0df1d507465ad739a"}},
  0},
 {<<"meck">>,
  {git,"https://github.com/eproxus/meck.git",
       {ref,"dde759050eff19a1a80fd854d7375174b191665d"}},
  0},
 {<<"neotoma">>,
  {git,"git://github.com/seancribbs/neotoma.git",
       {ref,"6ac6007c7713712a80096de5c7cdf5b85b01374e"}},
  2},
 {<<"parse_trans">>,
  {git,"https://github.com/uwiger/parse_trans.git",
       {ref,"76abb347c3c1d00fb0ccf9e4b43e22b3d2288484"}},
  0},
 {<<"proper">>,
  {git,"https://github.com/manopapad/proper.git",
       {ref,"e3bf5350af8b81e6a08e6e2fe280cf7ce29c2d1c"}},
  0},
 {<<"ranch">>,
  {git,"https://github.com/ninenines/ranch.git",
       {ref,"adf1822defc2b7cfdc7aca112adabfa1d614043c"}},
  1},
 {<<"yamerl">>,
  {git,"https://github.com/yakaz/yamerl.git",
       {ref,"4e5a54a5a4a0cd9dc8ee30c8356642e9a2c3a443"}},
  0}].
